// !$*UTF8*$!
{
	archiveVersion = 1;
	classes = {
	};
	objectVersion = 48;
	objects = {

/* Begin PBXBuildFile section */
		CE0E5B391F8116B300FE278F /* CATransaction+Convenience.swift in Sources */ = {isa = PBXBuildFile; fileRef = CE0E5B381F8116B300FE278F /* CATransaction+Convenience.swift */; };
		CE243CE81F7E66F800D89794 /* ProductCell.swift in Sources */ = {isa = PBXBuildFile; fileRef = CE243CE71F7E66F800D89794 /* ProductCell.swift */; };
		CE243CEA1F7E675F00D89794 /* CartTableDataManager.swift in Sources */ = {isa = PBXBuildFile; fileRef = CE243CE91F7E675F00D89794 /* CartTableDataManager.swift */; };
		CE243CEC1F7E714900D89794 /* ProductCounterCell.swift in Sources */ = {isa = PBXBuildFile; fileRef = CE243CEB1F7E714900D89794 /* ProductCounterCell.swift */; };
		CE243CEE1F7E72D300D89794 /* CartBarButtonItem.swift in Sources */ = {isa = PBXBuildFile; fileRef = CE243CED1F7E72D300D89794 /* CartBarButtonItem.swift */; };
		CE243CF21F7E7B0600D89794 /* CartViewControllerState.swift in Sources */ = {isa = PBXBuildFile; fileRef = CE243CF11F7E7B0600D89794 /* CartViewControllerState.swift */; };
		CE243CF41F7E7B9D00D89794 /* CartViewControllerBrowsingState.swift in Sources */ = {isa = PBXBuildFile; fileRef = CE243CF31F7E7B9D00D89794 /* CartViewControllerBrowsingState.swift */; };
		CE243CF61F7E7BAA00D89794 /* CartViewControllerEditingState.swift in Sources */ = {isa = PBXBuildFile; fileRef = CE243CF51F7E7BAA00D89794 /* CartViewControllerEditingState.swift */; };
		CE243CF71F7E85A100D89794 /* products.json in Resources */ = {isa = PBXBuildFile; fileRef = CE8A771A1F7E44F60081F22A /* products.json */; };
		CE54496F1F7FB6210072AC57 /* UITableView+Convenience.swift in Sources */ = {isa = PBXBuildFile; fileRef = CE54496E1F7FB6210072AC57 /* UITableView+Convenience.swift */; };
		CE5449711F7FB6B60072AC57 /* ProductCounterHeader.swift in Sources */ = {isa = PBXBuildFile; fileRef = CE5449701F7FB6B60072AC57 /* ProductCounterHeader.swift */; };
		CE5449731F7FB6C40072AC57 /* ProductCounterHeader.xib in Resources */ = {isa = PBXBuildFile; fileRef = CE5449721F7FB6C40072AC57 /* ProductCounterHeader.xib */; };
		CE8A77171F7E38B20081F22A /* ProductPool.swift in Sources */ = {isa = PBXBuildFile; fileRef = CE8A77161F7E38B20081F22A /* ProductPool.swift */; };
		CE8A77191F7E395A0081F22A /* AlertFacade.swift in Sources */ = {isa = PBXBuildFile; fileRef = CE8A77181F7E395A0081F22A /* AlertFacade.swift */; };
		CE8A771D1F7E62CB0081F22A /* AlertFacade+Convenience.swift in Sources */ = {isa = PBXBuildFile; fileRef = CE8A771C1F7E62CB0081F22A /* AlertFacade+Convenience.swift */; };
		CE8A77201F7E636B0081F22A /* CartViewController.swift in Sources */ = {isa = PBXBuildFile; fileRef = CE8A771F1F7E636B0081F22A /* CartViewController.swift */; };
		CE9D45121F7EAF960080021A /* NumberFormatter+CustomFormatters.swift in Sources */ = {isa = PBXBuildFile; fileRef = CE9D45111F7EAF960080021A /* NumberFormatter+CustomFormatters.swift */; };
		CE9D45141F7EBCFD0080021A /* UIView+Animations.swift in Sources */ = {isa = PBXBuildFile; fileRef = CE9D45131F7EBCFD0080021A /* UIView+Animations.swift */; };
		CEAC81301F80EDB800A049CA /* Localizable.stringsdict in Resources */ = {isa = PBXBuildFile; fileRef = CEAC81321F80EDB800A049CA /* Localizable.stringsdict */; };
		CEAC81331F80EDBC00A049CA /* Localizable.strings in Resources */ = {isa = PBXBuildFile; fileRef = CEAC81351F80EDBC00A049CA /* Localizable.strings */; };
		CEE22D761F7D292200408EC9 /* AppDelegate.swift in Sources */ = {isa = PBXBuildFile; fileRef = CEE22D751F7D292200408EC9 /* AppDelegate.swift */; };
		CEE22D7B1F7D292200408EC9 /* Main.storyboard in Resources */ = {isa = PBXBuildFile; fileRef = CEE22D791F7D292200408EC9 /* Main.storyboard */; };
		CEE22D7D1F7D292200408EC9 /* Assets.xcassets in Resources */ = {isa = PBXBuildFile; fileRef = CEE22D7C1F7D292200408EC9 /* Assets.xcassets */; };
		CEE22D801F7D292200408EC9 /* LaunchScreen.storyboard in Resources */ = {isa = PBXBuildFile; fileRef = CEE22D7E1F7D292200408EC9 /* LaunchScreen.storyboard */; };
		CEE22D941F7D321600408EC9 /* Product.swift in Sources */ = {isa = PBXBuildFile; fileRef = CEE22D931F7D321600408EC9 /* Product.swift */; };
/* End PBXBuildFile section */

/* Begin PBXFileReference section */
		CE0E5B381F8116B300FE278F /* CATransaction+Convenience.swift */ = {isa = PBXFileReference; lastKnownFileType = sourcecode.swift; path = "CATransaction+Convenience.swift"; sourceTree = "<group>"; };
		CE243CE71F7E66F800D89794 /* ProductCell.swift */ = {isa = PBXFileReference; lastKnownFileType = sourcecode.swift; path = ProductCell.swift; sourceTree = "<group>"; };
		CE243CE91F7E675F00D89794 /* CartTableDataManager.swift */ = {isa = PBXFileReference; lastKnownFileType = sourcecode.swift; path = CartTableDataManager.swift; sourceTree = "<group>"; };
		CE243CEB1F7E714900D89794 /* ProductCounterCell.swift */ = {isa = PBXFileReference; lastKnownFileType = sourcecode.swift; path = ProductCounterCell.swift; sourceTree = "<group>"; };
		CE243CED1F7E72D300D89794 /* CartBarButtonItem.swift */ = {isa = PBXFileReference; lastKnownFileType = sourcecode.swift; path = CartBarButtonItem.swift; sourceTree = "<group>"; };
		CE243CF11F7E7B0600D89794 /* CartViewControllerState.swift */ = {isa = PBXFileReference; lastKnownFileType = sourcecode.swift; path = CartViewControllerState.swift; sourceTree = "<group>"; };
		CE243CF31F7E7B9D00D89794 /* CartViewControllerBrowsingState.swift */ = {isa = PBXFileReference; lastKnownFileType = sourcecode.swift; path = CartViewControllerBrowsingState.swift; sourceTree = "<group>"; };
		CE243CF51F7E7BAA00D89794 /* CartViewControllerEditingState.swift */ = {isa = PBXFileReference; lastKnownFileType = sourcecode.swift; path = CartViewControllerEditingState.swift; sourceTree = "<group>"; };
		CE54496E1F7FB6210072AC57 /* UITableView+Convenience.swift */ = {isa = PBXFileReference; lastKnownFileType = sourcecode.swift; path = "UITableView+Convenience.swift"; sourceTree = "<group>"; };
		CE5449701F7FB6B60072AC57 /* ProductCounterHeader.swift */ = {isa = PBXFileReference; lastKnownFileType = sourcecode.swift; path = ProductCounterHeader.swift; sourceTree = "<group>"; };
		CE5449721F7FB6C40072AC57 /* ProductCounterHeader.xib */ = {isa = PBXFileReference; lastKnownFileType = file.xib; path = ProductCounterHeader.xib; sourceTree = "<group>"; };
		CE8A77161F7E38B20081F22A /* ProductPool.swift */ = {isa = PBXFileReference; lastKnownFileType = sourcecode.swift; path = ProductPool.swift; sourceTree = "<group>"; };
		CE8A77181F7E395A0081F22A /* AlertFacade.swift */ = {isa = PBXFileReference; lastKnownFileType = sourcecode.swift; path = AlertFacade.swift; sourceTree = "<group>"; };
		CE8A771A1F7E44F60081F22A /* products.json */ = {isa = PBXFileReference; lastKnownFileType = text.json; path = products.json; sourceTree = "<group>"; };
		CE8A771C1F7E62CB0081F22A /* AlertFacade+Convenience.swift */ = {isa = PBXFileReference; lastKnownFileType = sourcecode.swift; path = "AlertFacade+Convenience.swift"; sourceTree = "<group>"; };
		CE8A771F1F7E636B0081F22A /* CartViewController.swift */ = {isa = PBXFileReference; lastKnownFileType = sourcecode.swift; path = CartViewController.swift; sourceTree = "<group>"; };
		CE9D45111F7EAF960080021A /* NumberFormatter+CustomFormatters.swift */ = {isa = PBXFileReference; lastKnownFileType = sourcecode.swift; path = "NumberFormatter+CustomFormatters.swift"; sourceTree = "<group>"; };
		CE9D45131F7EBCFD0080021A /* UIView+Animations.swift */ = {isa = PBXFileReference; lastKnownFileType = sourcecode.swift; path = "UIView+Animations.swift"; sourceTree = "<group>"; };
		CEAC81311F80EDB800A049CA /* en */ = {isa = PBXFileReference; lastKnownFileType = text.plist.stringsdict; name = en; path = en.lproj/Localizable.stringsdict; sourceTree = "<group>"; };
		CEAC81341F80EDBC00A049CA /* en */ = {isa = PBXFileReference; lastKnownFileType = text.plist.strings; name = en; path = en.lproj/Localizable.strings; sourceTree = "<group>"; };
		CEE22D721F7D292200408EC9 /* Cart.app */ = {isa = PBXFileReference; explicitFileType = wrapper.application; includeInIndex = 0; path = Cart.app; sourceTree = BUILT_PRODUCTS_DIR; };
		CEE22D751F7D292200408EC9 /* AppDelegate.swift */ = {isa = PBXFileReference; lastKnownFileType = sourcecode.swift; path = AppDelegate.swift; sourceTree = "<group>"; };
		CEE22D7A1F7D292200408EC9 /* Base */ = {isa = PBXFileReference; lastKnownFileType = file.storyboard; name = Base; path = Base.lproj/Main.storyboard; sourceTree = "<group>"; };
		CEE22D7C1F7D292200408EC9 /* Assets.xcassets */ = {isa = PBXFileReference; lastKnownFileType = folder.assetcatalog; path = Assets.xcassets; sourceTree = "<group>"; };
		CEE22D7F1F7D292200408EC9 /* Base */ = {isa = PBXFileReference; lastKnownFileType = file.storyboard; name = Base; path = Base.lproj/LaunchScreen.storyboard; sourceTree = "<group>"; };
		CEE22D811F7D292200408EC9 /* Info.plist */ = {isa = PBXFileReference; lastKnownFileType = text.plist.xml; path = Info.plist; sourceTree = "<group>"; };
		CEE22D931F7D321600408EC9 /* Product.swift */ = {isa = PBXFileReference; lastKnownFileType = sourcecode.swift; path = Product.swift; sourceTree = "<group>"; };
/* End PBXFileReference section */

/* Begin PBXFrameworksBuildPhase section */
		CEE22D6F1F7D292200408EC9 /* Frameworks */ = {
			isa = PBXFrameworksBuildPhase;
			buildActionMask = 2147483647;
			files = (
			);
			runOnlyForDeploymentPostprocessing = 0;
		};
/* End PBXFrameworksBuildPhase section */

/* Begin PBXGroup section */
		CE243CE41F7E66CD00D89794 /* Views */ = {
			isa = PBXGroup;
			children = (
				CE243CE71F7E66F800D89794 /* ProductCell.swift */,
				CE243CEB1F7E714900D89794 /* ProductCounterCell.swift */,
				CE243CED1F7E72D300D89794 /* CartBarButtonItem.swift */,
				CE5449701F7FB6B60072AC57 /* ProductCounterHeader.swift */,
				CE5449721F7FB6C40072AC57 /* ProductCounterHeader.xib */,
			);
			path = Views;
			sourceTree = "<group>";
		};
		CE8A771E1F7E63570081F22A /* Cart */ = {
			isa = PBXGroup;
			children = (
				CE8A771F1F7E636B0081F22A /* CartViewController.swift */,
				CE243CF11F7E7B0600D89794 /* CartViewControllerState.swift */,
				CE243CF31F7E7B9D00D89794 /* CartViewControllerBrowsingState.swift */,
				CE243CF51F7E7BAA00D89794 /* CartViewControllerEditingState.swift */,
				CE243CE91F7E675F00D89794 /* CartTableDataManager.swift */,
				CE243CE41F7E66CD00D89794 /* Views */,
			);
			path = Cart;
			sourceTree = "<group>";
		};
		CE9D45101F7EAF7C0080021A /* Extensions */ = {
			isa = PBXGroup;
			children = (
				CE9D45111F7EAF960080021A /* NumberFormatter+CustomFormatters.swift */,
				CE8A771C1F7E62CB0081F22A /* AlertFacade+Convenience.swift */,
				CE9D45131F7EBCFD0080021A /* UIView+Animations.swift */,
				CE54496E1F7FB6210072AC57 /* UITableView+Convenience.swift */,
				CE0E5B381F8116B300FE278F /* CATransaction+Convenience.swift */,
			);
			path = Extensions;
			sourceTree = "<group>";
		};
		CEE22D691F7D292200408EC9 = {
			isa = PBXGroup;
			children = (
				CEE22D741F7D292200408EC9 /* Cart */,
				CEE22D731F7D292200408EC9 /* Products */,
			);
			sourceTree = "<group>";
		};
		CEE22D731F7D292200408EC9 /* Products */ = {
			isa = PBXGroup;
			children = (
				CEE22D721F7D292200408EC9 /* Cart.app */,
			);
			name = Products;
			sourceTree = "<group>";
		};
		CEE22D741F7D292200408EC9 /* Cart */ = {
			isa = PBXGroup;
			children = (
				CEE22D751F7D292200408EC9 /* AppDelegate.swift */,
				CE9D45101F7EAF7C0080021A /* Extensions */,
				CEE22D891F7D294000408EC9 /* Model */,
				CEE22D871F7D293600408EC9 /* Presentation */,
				CEE22D9B1F7D39A600408EC9 /* Resources */,
			);
			path = Cart;
			sourceTree = "<group>";
		};
		CEE22D871F7D293600408EC9 /* Presentation */ = {
			isa = PBXGroup;
			children = (
				CEE22D8A1F7D296900408EC9 /* Scenes */,
				CE8A77181F7E395A0081F22A /* AlertFacade.swift */,
			);
			path = Presentation;
			sourceTree = "<group>";
		};
		CEE22D891F7D294000408EC9 /* Model */ = {
			isa = PBXGroup;
			children = (
				CEE22D931F7D321600408EC9 /* Product.swift */,
				CE8A77161F7E38B20081F22A /* ProductPool.swift */,
			);
			path = Model;
			sourceTree = "<group>";
		};
		CEE22D8A1F7D296900408EC9 /* Scenes */ = {
			isa = PBXGroup;
			children = (
				CE8A771E1F7E63570081F22A /* Cart */,
			);
			path = Scenes;
			sourceTree = "<group>";
		};
		CEE22D9B1F7D39A600408EC9 /* Resources */ = {
			isa = PBXGroup;
			children = (
				CEE22D791F7D292200408EC9 /* Main.storyboard */,
				CEE22D7C1F7D292200408EC9 /* Assets.xcassets */,
				CEE22D7E1F7D292200408EC9 /* LaunchScreen.storyboard */,
				CEE22D811F7D292200408EC9 /* Info.plist */,
				CE8A771A1F7E44F60081F22A /* products.json */,
				CEAC81321F80EDB800A049CA /* Localizable.stringsdict */,
				CEAC81351F80EDBC00A049CA /* Localizable.strings */,
			);
			path = Resources;
			sourceTree = "<group>";
		};
/* End PBXGroup section */

/* Begin PBXNativeTarget section */
		CEE22D711F7D292200408EC9 /* Cart */ = {
			isa = PBXNativeTarget;
			buildConfigurationList = CEE22D841F7D292200408EC9 /* Build configuration list for PBXNativeTarget "Cart" */;
			buildPhases = (
				CEE22D6E1F7D292200408EC9 /* Sources */,
				CEE22D6F1F7D292200408EC9 /* Frameworks */,
				CEE22D701F7D292200408EC9 /* Resources */,
			);
			buildRules = (
			);
			dependencies = (
			);
			name = Cart;
			productName = Cart;
			productReference = CEE22D721F7D292200408EC9 /* Cart.app */;
			productType = "com.apple.product-type.application";
		};
/* End PBXNativeTarget section */

/* Begin PBXProject section */
		CEE22D6A1F7D292200408EC9 /* Project object */ = {
			isa = PBXProject;
			attributes = {
				LastSwiftUpdateCheck = 0900;
				LastUpgradeCheck = 0900;
				ORGANIZATIONNAME = MPO;
				TargetAttributes = {
					CEE22D711F7D292200408EC9 = {
						CreatedOnToolsVersion = 9.0;
						ProvisioningStyle = Automatic;
					};
				};
			};
			buildConfigurationList = CEE22D6D1F7D292200408EC9 /* Build configuration list for PBXProject "Cart" */;
			compatibilityVersion = "Xcode 8.0";
			developmentRegion = en;
			hasScannedForEncodings = 0;
			knownRegions = (
				en,
				Base,
			);
			mainGroup = CEE22D691F7D292200408EC9;
			productRefGroup = CEE22D731F7D292200408EC9 /* Products */;
			projectDirPath = "";
			projectRoot = "";
			targets = (
				CEE22D711F7D292200408EC9 /* Cart */,
			);
		};
/* End PBXProject section */

/* Begin PBXResourcesBuildPhase section */
		CEE22D701F7D292200408EC9 /* Resources */ = {
			isa = PBXResourcesBuildPhase;
			buildActionMask = 2147483647;
			files = (
				CEE22D801F7D292200408EC9 /* LaunchScreen.storyboard in Resources */,
				CE5449731F7FB6C40072AC57 /* ProductCounterHeader.xib in Resources */,
				CE243CF71F7E85A100D89794 /* products.json in Resources */,
				CEAC81331F80EDBC00A049CA /* Localizable.strings in Resources */,
				CEE22D7D1F7D292200408EC9 /* Assets.xcassets in Resources */,
				CEAC81301F80EDB800A049CA /* Localizable.stringsdict in Resources */,
				CEE22D7B1F7D292200408EC9 /* Main.storyboard in Resources */,
			);
			runOnlyForDeploymentPostprocessing = 0;
		};
/* End PBXResourcesBuildPhase section */

/* Begin PBXSourcesBuildPhase section */
		CEE22D6E1F7D292200408EC9 /* Sources */ = {
			isa = PBXSourcesBuildPhase;
			buildActionMask = 2147483647;
			files = (
				CE8A77191F7E395A0081F22A /* AlertFacade.swift in Sources */,
				CE0E5B391F8116B300FE278F /* CATransaction+Convenience.swift in Sources */,
				CE243CEE1F7E72D300D89794 /* CartBarButtonItem.swift in Sources */,
				CE243CF21F7E7B0600D89794 /* CartViewControllerState.swift in Sources */,
				CEE22D761F7D292200408EC9 /* AppDelegate.swift in Sources */,
				CE8A771D1F7E62CB0081F22A /* AlertFacade+Convenience.swift in Sources */,
				CE54496F1F7FB6210072AC57 /* UITableView+Convenience.swift in Sources */,
				CE243CEC1F7E714900D89794 /* ProductCounterCell.swift in Sources */,
				CE9D45121F7EAF960080021A /* NumberFormatter+CustomFormatters.swift in Sources */,
				CEE22D941F7D321600408EC9 /* Product.swift in Sources */,
				CE9D45141F7EBCFD0080021A /* UIView+Animations.swift in Sources */,
				CE243CE81F7E66F800D89794 /* ProductCell.swift in Sources */,
				CE243CF41F7E7B9D00D89794 /* CartViewControllerBrowsingState.swift in Sources */,
				CE243CF61F7E7BAA00D89794 /* CartViewControllerEditingState.swift in Sources */,
				CE243CEA1F7E675F00D89794 /* CartTableDataManager.swift in Sources */,
				CE5449711F7FB6B60072AC57 /* ProductCounterHeader.swift in Sources */,
				CE8A77201F7E636B0081F22A /* CartViewController.swift in Sources */,
				CE8A77171F7E38B20081F22A /* ProductPool.swift in Sources */,
			);
			runOnlyForDeploymentPostprocessing = 0;
		};
/* End PBXSourcesBuildPhase section */

/* Begin PBXVariantGroup section */
		CEAC81321F80EDB800A049CA /* Localizable.stringsdict */ = {
			isa = PBXVariantGroup;
			children = (
				CEAC81311F80EDB800A049CA /* en */,
			);
			name = Localizable.stringsdict;
			sourceTree = "<group>";
		};
		CEAC81351F80EDBC00A049CA /* Localizable.strings */ = {
			isa = PBXVariantGroup;
			children = (
				CEAC81341F80EDBC00A049CA /* en */,
			);
			name = Localizable.strings;
			sourceTree = "<group>";
		};
		CEE22D791F7D292200408EC9 /* Main.storyboard */ = {
			isa = PBXVariantGroup;
			children = (
				CEE22D7A1F7D292200408EC9 /* Base */,
			);
			name = Main.storyboard;
			sourceTree = "<group>";
		};
		CEE22D7E1F7D292200408EC9 /* LaunchScreen.storyboard */ = {
			isa = PBXVariantGroup;
			children = (
				CEE22D7F1F7D292200408EC9 /* Base */,
			);
			name = LaunchScreen.storyboard;
			sourceTree = "<group>";
		};
/* End PBXVariantGroup section */

/* Begin XCBuildConfiguration section */
		CEE22D821F7D292200408EC9 /* Debug */ = {
			isa = XCBuildConfiguration;
			buildSettings = {
				ALWAYS_SEARCH_USER_PATHS = NO;
				CLANG_ANALYZER_NONNULL = YES;
				CLANG_ANALYZER_NUMBER_OBJECT_CONVERSION = YES_AGGRESSIVE;
				CLANG_CXX_LANGUAGE_STANDARD = "gnu++14";
				CLANG_CXX_LIBRARY = "libc++";
				CLANG_ENABLE_MODULES = YES;
				CLANG_ENABLE_OBJC_ARC = YES;
				CLANG_WARN_BLOCK_CAPTURE_AUTORELEASING = YES;
				CLANG_WARN_BOOL_CONVERSION = YES;
				CLANG_WARN_COMMA = YES;
				CLANG_WARN_CONSTANT_CONVERSION = YES;
				CLANG_WARN_DIRECT_OBJC_ISA_USAGE = YES_ERROR;
				CLANG_WARN_DOCUMENTATION_COMMENTS = YES;
				CLANG_WARN_EMPTY_BODY = YES;
				CLANG_WARN_ENUM_CONVERSION = YES;
				CLANG_WARN_INFINITE_RECURSION = YES;
				CLANG_WARN_INT_CONVERSION = YES;
				CLANG_WARN_NON_LITERAL_NULL_CONVERSION = YES;
				CLANG_WARN_OBJC_LITERAL_CONVERSION = YES;
				CLANG_WARN_OBJC_ROOT_CLASS = YES_ERROR;
				CLANG_WARN_RANGE_LOOP_ANALYSIS = YES;
				CLANG_WARN_STRICT_PROTOTYPES = YES;
				CLANG_WARN_SUSPICIOUS_MOVE = YES;
				CLANG_WARN_UNGUARDED_AVAILABILITY = YES_AGGRESSIVE;
				CLANG_WARN_UNREACHABLE_CODE = YES;
				CLANG_WARN__DUPLICATE_METHOD_MATCH = YES;
				CODE_SIGN_IDENTITY = "iPhone Developer";
				COPY_PHASE_STRIP = NO;
				DEBUG_INFORMATION_FORMAT = dwarf;
				ENABLE_STRICT_OBJC_MSGSEND = YES;
				ENABLE_TESTABILITY = YES;
				GCC_C_LANGUAGE_STANDARD = gnu11;
				GCC_DYNAMIC_NO_PIC = NO;
				GCC_NO_COMMON_BLOCKS = YES;
				GCC_OPTIMIZATION_LEVEL = 0;
				GCC_PREPROCESSOR_DEFINITIONS = (
					"DEBUG=1",
					"$(inherited)",
				);
				GCC_WARN_64_TO_32_BIT_CONVERSION = YES;
				GCC_WARN_ABOUT_RETURN_TYPE = YES_ERROR;
				GCC_WARN_UNDECLARED_SELECTOR = YES;
				GCC_WARN_UNINITIALIZED_AUTOS = YES_AGGRESSIVE;
				GCC_WARN_UNUSED_FUNCTION = YES;
				GCC_WARN_UNUSED_VARIABLE = YES;
				IPHONEOS_DEPLOYMENT_TARGET = 11.0;
				MTL_ENABLE_DEBUG_INFO = YES;
				ONLY_ACTIVE_ARCH = YES;
				SDKROOT = iphoneos;
				SWIFT_ACTIVE_COMPILATION_CONDITIONS = DEBUG;
				SWIFT_OPTIMIZATION_LEVEL = "-Onone";
			};
			name = Debug;
		};
		CEE22D831F7D292200408EC9 /* Release */ = {
			isa = XCBuildConfiguration;
			buildSettings = {
				ALWAYS_SEARCH_USER_PATHS = NO;
				CLANG_ANALYZER_NONNULL = YES;
				CLANG_ANALYZER_NUMBER_OBJECT_CONVERSION = YES_AGGRESSIVE;
				CLANG_CXX_LANGUAGE_STANDARD = "gnu++14";
				CLANG_CXX_LIBRARY = "libc++";
				CLANG_ENABLE_MODULES = YES;
				CLANG_ENABLE_OBJC_ARC = YES;
				CLANG_WARN_BLOCK_CAPTURE_AUTORELEASING = YES;
				CLANG_WARN_BOOL_CONVERSION = YES;
				CLANG_WARN_COMMA = YES;
				CLANG_WARN_CONSTANT_CONVERSION = YES;
				CLANG_WARN_DIRECT_OBJC_ISA_USAGE = YES_ERROR;
				CLANG_WARN_DOCUMENTATION_COMMENTS = YES;
				CLANG_WARN_EMPTY_BODY = YES;
				CLANG_WARN_ENUM_CONVERSION = YES;
				CLANG_WARN_INFINITE_RECURSION = YES;
				CLANG_WARN_INT_CONVERSION = YES;
				CLANG_WARN_NON_LITERAL_NULL_CONVERSION = YES;
				CLANG_WARN_OBJC_LITERAL_CONVERSION = YES;
				CLANG_WARN_OBJC_ROOT_CLASS = YES_ERROR;
				CLANG_WARN_RANGE_LOOP_ANALYSIS = YES;
				CLANG_WARN_STRICT_PROTOTYPES = YES;
				CLANG_WARN_SUSPICIOUS_MOVE = YES;
				CLANG_WARN_UNGUARDED_AVAILABILITY = YES_AGGRESSIVE;
				CLANG_WARN_UNREACHABLE_CODE = YES;
				CLANG_WARN__DUPLICATE_METHOD_MATCH = YES;
				CODE_SIGN_IDENTITY = "iPhone Developer";
				COPY_PHASE_STRIP = NO;
				DEBUG_INFORMATION_FORMAT = "dwarf-with-dsym";
				ENABLE_NS_ASSERTIONS = NO;
				ENABLE_STRICT_OBJC_MSGSEND = YES;
				GCC_C_LANGUAGE_STANDARD = gnu11;
				GCC_NO_COMMON_BLOCKS = YES;
				GCC_WARN_64_TO_32_BIT_CONVERSION = YES;
				GCC_WARN_ABOUT_RETURN_TYPE = YES_ERROR;
				GCC_WARN_UNDECLARED_SELECTOR = YES;
				GCC_WARN_UNINITIALIZED_AUTOS = YES_AGGRESSIVE;
				GCC_WARN_UNUSED_FUNCTION = YES;
				GCC_WARN_UNUSED_VARIABLE = YES;
				IPHONEOS_DEPLOYMENT_TARGET = 11.0;
				MTL_ENABLE_DEBUG_INFO = NO;
				SDKROOT = iphoneos;
				SWIFT_OPTIMIZATION_LEVEL = "-Owholemodule";
				VALIDATE_PRODUCT = YES;
			};
			name = Release;
		};
		CEE22D851F7D292200408EC9 /* Debug */ = {
			isa = XCBuildConfiguration;
			buildSettings = {
				ASSETCATALOG_COMPILER_APPICON_NAME = AppIcon;
				CODE_SIGN_STYLE = Automatic;
				DEVELOPMENT_TEAM = 73P7R6XXDH;
				INFOPLIST_FILE = "$(SRCROOT)/Cart/Resources/Info.plist";
				IPHONEOS_DEPLOYMENT_TARGET = 9.0;
				LD_RUNPATH_SEARCH_PATHS = "$(inherited) @executable_path/Frameworks";
				PRODUCT_BUNDLE_IDENTIFIER = MPO.Cart;
				PRODUCT_NAME = "$(TARGET_NAME)";
				SWIFT_VERSION = 4.0;
				TARGETED_DEVICE_FAMILY = "1,2";
			};
			name = Debug;
		};
		CEE22D861F7D292200408EC9 /* Release */ = {
			isa = XCBuildConfiguration;
			buildSettings = {
				ASSETCATALOG_COMPILER_APPICON_NAME = AppIcon;
				CODE_SIGN_STYLE = Automatic;
				DEVELOPMENT_TEAM = 73P7R6XXDH;
				INFOPLIST_FILE = "$(SRCROOT)/Cart/Resources/Info.plist";
				IPHONEOS_DEPLOYMENT_TARGET = 9.0;
				LD_RUNPATH_SEARCH_PATHS = "$(inherited) @executable_path/Frameworks";
				PRODUCT_BUNDLE_IDENTIFIER = MPO.Cart;
				PRODUCT_NAME = "$(TARGET_NAME)";
				SWIFT_VERSION = 4.0;
				TARGETED_DEVICE_FAMILY = "1,2";
			};
			name = Release;
		};
/* End XCBuildConfiguration section */

/* Begin XCConfigurationList section */
		CEE22D6D1F7D292200408EC9 /* Build configuration list for PBXProject "Cart" */ = {
			isa = XCConfigurationList;
			buildConfigurations = (
				CEE22D821F7D292200408EC9 /* Debug */,
				CEE22D831F7D292200408EC9 /* Release */,
			);
			defaultConfigurationIsVisible = 0;
			defaultConfigurationName = Release;
		};
		CEE22D841F7D292200408EC9 /* Build configuration list for PBXNativeTarget "Cart" */ = {
			isa = XCConfigurationList;
			buildConfigurations = (
				CEE22D851F7D292200408EC9 /* Debug */,
				CEE22D861F7D292200408EC9 /* Release */,
			);
			defaultConfigurationIsVisible = 0;
			defaultConfigurationName = Release;
		};
/* End XCConfigurationList section */
	};
	rootObject = CEE22D6A1F7D292200408EC9 /* Project object */;
}
